# This file is automatically @generated by Cargo.
# It is not intended for manual editing.
[[package]]
name = "rustc-workspace-hack"
version = "1.0.0"
source = "registry+https://github.com/rust-lang/crates.io-index"

[[package]]
name = "sire"
version = "0.1.0"

[[package]]
name = "sire-run"
version = "0.1.0"
dependencies = [
 "rustc-workspace-hack 1.0.0 (registry+https://github.com/rust-lang/crates.io-index)",
 "sire 0.1.0",
 "sire-smt 0.1.0",
]

[[package]]
name = "sire-smt"
version = "0.1.0"
dependencies = [
 "sire 0.1.0",
]

[metadata]
"checksum rustc-workspace-hack 1.0.0 (registry+https://github.com/rust-lang/crates.io-index)" = "fc71d2faa173b74b232dedc235e3ee1696581bb132fc116fa3626d6151a1a8fb"
